{
  "version": 4,
  "terraform_version": "1.11.4",
  "serial": 75,
  "lineage": "2bbfd90d-5bff-5859-2189-f588ee8c3039",
  "outputs": {
    "admin_access_key": {
      "value": "administrator",
      "type": "string"
    },
    "admin_secret_key": {
      "value": "bHu4xx5FNdIQr4pcFLNCz2aUr3OO1t9omRyO",
      "type": "string",
      "sensitive": true
    },
    "console_url": {
      "value": "http://localhost:9001",
      "type": "string"
    },
    "root_password": {
      "value": "M0cneHaslo_2025!",
      "type": "string",
      "sensitive": true
    },
    "root_user": {
      "value": "minioadmin",
      "type": "string"
    },
    "uploader_access_key": {
      "value": "uploader",
      "type": "string"
    },
    "uploader_secret_key": {
      "value": "zFN0iOcS5zIDoV2PDkxTTgIRzaxtO7",
      "type": "string",
      "sensitive": true
    },
    "viewer_access_key": {
      "value": "viewer",
      "type": "string"
    },
    "viewer_secret_key": {
      "value": "31XLU0WM7RYrWaYjcsNAOQW2fbXngd",
      "type": "string",
      "sensitive": true
    }
  },
  "resources": [
    {
      "mode": "managed",
      "type": "docker_container",
      "name": "minio",
      "provider": "provider[\"registry.terraform.io/kreuzwerker/docker\"]",
      "instances": [
        {
          "schema_version": 2,
          "attributes": {
            "attach": false,
            "bridge": "",
            "capabilities": [],
            "cgroupns_mode": null,
            "command": [
              "server",
              "/data",
              "--console-address",
              ":9001"
            ],
            "container_logs": null,
            "container_read_refresh_timeout_milliseconds": 15000,
            "cpu_set": "",
            "cpu_shares": 0,
            "cpus": null,
            "destroy_grace_seconds": null,
            "devices": [],
            "dns": [],
            "dns_opts": [],
            "dns_search": [],
            "domainname": "",
            "entrypoint": [
              "/usr/bin/docker-entrypoint.sh"
            ],
            "env": [
              "MINIO_ROOT_PASSWORD=M0cneHaslo_2025!",
              "MINIO_ROOT_USER=minioadmin"
            ],
            "exit_code": null,
            "gpus": null,
            "group_add": [],
            "healthcheck": [],
            "host": [],
            "hostname": "7f56185ef988",
            "id": "7f56185ef9888bd52f8e54b560d7808923c57f4abdf55a19c07f250c90f58233",
            "image": "sha256:a1ea29fa28355559ef137d71fc570e508a214ec84ff8083e39bc5428980b015e",
            "init": false,
            "ipc_mode": "private",
            "labels": [],
            "log_driver": "json-file",
            "log_opts": {},
            "logs": false,
            "max_retry_count": 0,
            "memory": 0,
            "memory_swap": 0,
            "mounts": [],
            "must_run": true,
            "name": "minio",
            "network_data": [
              {
                "gateway": "172.17.0.1",
                "global_ipv6_address": "",
                "global_ipv6_prefix_length": 0,
                "ip_address": "172.17.0.2",
                "ip_prefix_length": 16,
                "ipv6_gateway": "",
                "mac_address": "16:5f:25:b8:4c:a9",
                "network_name": "bridge"
              }
            ],
            "network_mode": "bridge",
            "networks_advanced": [],
            "pid_mode": "",
            "ports": [
              {
                "external": 9000,
                "internal": 9000,
                "ip": "0.0.0.0",
                "protocol": "tcp"
              },
              {
                "external": 9001,
                "internal": 9001,
                "ip": "0.0.0.0",
                "protocol": "tcp"
              }
            ],
            "privileged": false,
            "publish_all_ports": false,
            "read_only": false,
            "remove_volumes": true,
            "restart": "unless-stopped",
            "rm": false,
            "runtime": "runc",
            "security_opts": [],
            "shm_size": 64,
            "start": true,
            "stdin_open": false,
            "stop_signal": "",
            "stop_timeout": 0,
            "storage_opts": {},
            "sysctls": {},
            "tmpfs": {},
            "tty": false,
            "ulimit": [],
            "upload": [],
            "user": "",
            "userns_mode": "",
            "volumes": [
              {
                "container_path": "/data",
                "from_container": "",
                "host_path": "",
                "read_only": false,
                "volume_name": "minio-data"
              }
            ],
            "wait": false,
            "wait_timeout": 60,
            "working_dir": "/"
          },
          "sensitive_attributes": [
            [
              {
                "type": "get_attr",
                "value": "env"
              }
            ]
          ],
          "private": "eyJzY2hlbWFfdmVyc2lvbiI6IjIifQ==",
          "dependencies": [
            "docker_image.minio"
          ]
        }
      ]
    },
    {
      "mode": "managed",
      "type": "docker_image",
      "name": "minio",
      "provider": "provider[\"registry.terraform.io/kreuzwerker/docker\"]",
      "instances": [
        {
          "schema_version": 0,
          "attributes": {
            "build": [],
            "force_remove": null,
            "id": "sha256:a1ea29fa28355559ef137d71fc570e508a214ec84ff8083e39bc5428980b015eminio/minio:RELEASE.2025-04-22T22-12-26Z",
            "image_id": "sha256:a1ea29fa28355559ef137d71fc570e508a214ec84ff8083e39bc5428980b015e",
            "keep_locally": null,
            "name": "minio/minio:RELEASE.2025-04-22T22-12-26Z",
            "platform": null,
            "pull_triggers": null,
            "repo_digest": "minio/minio@sha256:a1ea29fa28355559ef137d71fc570e508a214ec84ff8083e39bc5428980b015e",
            "timeouts": null,
            "triggers": null
          },
          "sensitive_attributes": [],
          "private": "eyJlMmJmYjczMC1lY2FhLTExZTYtOGY4OC0zNDM2M2JjN2M0YzAiOnsiY3JlYXRlIjoxMjAwMDAwMDAwMDAwLCJkZWxldGUiOjEyMDAwMDAwMDAwMDAsInVwZGF0ZSI6MTIwMDAwMDAwMDAwMH19"
        }
      ]
    },
    {
      "mode": "managed",
      "type": "minio_iam_policy",
      "name": "AdministratorPolicy",
      "provider": "provider[\"registry.terraform.io/aminueza/minio\"]",
      "instances": [
        {
          "schema_version": 0,
          "attributes": {
            "id": "AdministratorPolicy",
            "name": "AdministratorPolicy",
            "name_prefix": null,
            "policy": "{\n \"Version\": \"2012-10-17\",\n \"Statement\": [\n  {\n   \"Effect\": \"Allow\",\n   \"Action\": [\n    \"s3:*\"\n   ],\n   \"Resource\": [\n    \"arn:aws:s3:::*\"\n   ]\n  }\n ]\n}"
          },
          "sensitive_attributes": [],
          "private": "bnVsbA=="
        }
      ]
    },
    {
      "mode": "managed",
      "type": "minio_iam_policy",
      "name": "ViewerPolicy",
      "provider": "provider[\"registry.terraform.io/aminueza/minio\"]",
      "instances": [
        {
          "schema_version": 0,
          "attributes": {
            "id": "ViewerPolicy",
            "name": "ViewerPolicy",
            "name_prefix": null,
            "policy": "{\n \"Version\": \"2012-10-17\",\n \"Statement\": [\n  {\n   \"Effect\": \"Allow\",\n   \"Action\": [\n    \"s3:ListBucket\"\n   ],\n   \"Resource\": [\n    \"arn:aws:s3:::raw-data\"\n   ]\n  },\n  {\n   \"Effect\": \"Allow\",\n   \"Action\": [\n    \"s3:GetObject\"\n   ],\n   \"Resource\": [\n    \"arn:aws:s3:::raw-data/*\"\n   ]\n  }\n ]\n}"
          },
          "sensitive_attributes": [],
          "private": "bnVsbA=="
        }
      ]
    },
    {
      "mode": "managed",
      "type": "minio_iam_user",
      "name": "administrator",
      "provider": "provider[\"registry.terraform.io/aminueza/minio\"]",
      "instances": [
        {
          "schema_version": 0,
          "attributes": {
            "disable_user": false,
            "force_destroy": false,
            "id": "administrator",
            "name": "administrator",
            "secret": "bHu4xx5FNdIQr4pcFLNCz2aUr3OO1t9omRyO",
            "status": "enabled",
            "tags": null,
            "update_secret": false
          },
          "sensitive_attributes": [
            [
              {
                "type": "get_attr",
                "value": "secret"
              }
            ]
          ],
          "private": "bnVsbA==",
          "dependencies": [
            "docker_container.minio",
            "docker_image.minio",
            "random_password.admin_secret",
            "time_sleep.wait_minio_ready"
          ]
        }
      ]
    },
    {
      "mode": "managed",
      "type": "minio_iam_user",
      "name": "uploader",
      "provider": "provider[\"registry.terraform.io/aminueza/minio\"]",
      "instances": [
        {
          "schema_version": 0,
          "attributes": {
            "disable_user": false,
            "force_destroy": false,
            "id": "uploader",
            "name": "uploader",
            "secret": "zFN0iOcS5zIDoV2PDkxTTgIRzaxtO7",
            "status": "enabled",
            "tags": null,
            "update_secret": false
          },
          "sensitive_attributes": [
            [
              {
                "type": "get_attr",
                "value": "secret"
              }
            ]
          ],
          "private": "bnVsbA==",
          "dependencies": [
            "docker_container.minio",
            "docker_image.minio",
            "random_password.uploader_secret",
            "time_sleep.wait_minio_ready"
          ]
        }
      ]
    },
    {
      "mode": "managed",
      "type": "minio_iam_user",
      "name": "viewer",
      "provider": "provider[\"registry.terraform.io/aminueza/minio\"]",
      "instances": [
        {
          "schema_version": 0,
          "attributes": {
            "disable_user": false,
            "force_destroy": false,
            "id": "viewer",
            "name": "viewer",
            "secret": "31XLU0WM7RYrWaYjcsNAOQW2fbXngd",
            "status": "enabled",
            "tags": null,
            "update_secret": false
          },
          "sensitive_attributes": [
            [
              {
                "type": "get_attr",
                "value": "secret"
              }
            ]
          ],
          "private": "bnVsbA==",
          "dependencies": [
            "docker_container.minio",
            "docker_image.minio",
            "random_password.viewer_secret",
            "time_sleep.wait_minio_ready"
          ]
        }
      ]
    },
    {
      "mode": "managed",
      "type": "minio_iam_user_policy_attachment",
      "name": "admin_attach",
      "provider": "provider[\"registry.terraform.io/aminueza/minio\"]",
      "instances": [
        {
          "schema_version": 0,
          "attributes": {
            "id": "administrator-20250513125047033200000001",
            "policy_name": "AdministratorPolicy",
            "user_name": "administrator"
          },
          "sensitive_attributes": [],
          "private": "bnVsbA==",
          "dependencies": [
            "docker_container.minio",
            "docker_image.minio",
            "minio_iam_policy.AdministratorPolicy",
            "minio_iam_user.administrator",
            "random_password.admin_secret",
            "time_sleep.wait_minio_ready"
          ]
        }
      ]
    },
    {
      "mode": "managed",
      "type": "minio_iam_user_policy_attachment",
      "name": "viewer_attach",
      "provider": "provider[\"registry.terraform.io/aminueza/minio\"]",
      "instances": [
        {
          "schema_version": 0,
          "attributes": {
            "id": "viewer-20250513125047137200000002",
            "policy_name": "ViewerPolicy",
            "user_name": "viewer"
          },
          "sensitive_attributes": [],
          "private": "bnVsbA==",
          "dependencies": [
            "docker_container.minio",
            "docker_image.minio",
            "minio_iam_policy.ViewerPolicy",
            "minio_iam_user.viewer",
            "random_password.viewer_secret",
            "time_sleep.wait_minio_ready"
          ]
        }
      ]
    },
    {
      "mode": "managed",
      "type": "minio_s3_bucket",
      "name": "raw",
      "provider": "provider[\"registry.terraform.io/aminueza/minio\"]",
      "instances": [
        {
          "schema_version": 0,
          "attributes": {
            "acl": "private",
            "arn": "arn:aws:s3:::raw-data",
            "bucket": "raw-data",
            "bucket_domain_name": "http://127.0.0.1:9000/minio/raw-data",
            "bucket_prefix": null,
            "force_destroy": false,
            "id": "raw-data",
            "object_locking": false,
            "quota": null
          },
          "sensitive_attributes": [],
          "private": "bnVsbA==",
          "dependencies": [
            "docker_container.minio",
            "docker_image.minio",
            "time_sleep.wait_minio_ready"
          ]
        }
      ]
    },
    {
      "mode": "managed",
      "type": "minio_s3_bucket_versioning",
      "name": "raw_versioning",
      "provider": "provider[\"registry.terraform.io/aminueza/minio\"]",
      "instances": [
        {
          "schema_version": 0,
          "attributes": {
            "bucket": "raw-data",
            "id": "raw-data",
            "versioning_configuration": [
              {
                "exclude_folders": false,
                "excluded_prefixes": [],
                "status": "Enabled"
              }
            ]
          },
          "sensitive_attributes": [],
          "private": "bnVsbA==",
          "dependencies": [
            "docker_container.minio",
            "docker_image.minio",
            "minio_s3_bucket.raw",
            "time_sleep.wait_minio_ready"
          ]
        }
      ]
    },
    {
      "mode": "managed",
      "type": "random_password",
      "name": "admin_secret",
      "provider": "provider[\"registry.terraform.io/hashicorp/random\"]",
      "instances": [
        {
          "schema_version": 3,
          "attributes": {
            "bcrypt_hash": "$2a$10$XTrtardgIDbCQD3VnboB7.asnEdtGqh5EvQ9RMosARhfKf5ut8xgC",
            "id": "none",
            "keepers": null,
            "length": 36,
            "lower": true,
            "min_lower": 0,
            "min_numeric": 0,
            "min_special": 0,
            "min_upper": 0,
            "number": true,
            "numeric": true,
            "override_special": null,
            "result": "bHu4xx5FNdIQr4pcFLNCz2aUr3OO1t9omRyO",
            "special": false,
            "upper": true
          },
          "sensitive_attributes": [
            [
              {
                "type": "get_attr",
                "value": "result"
              }
            ],
            [
              {
                "type": "get_attr",
                "value": "bcrypt_hash"
              }
            ]
          ]
        }
      ]
    },
    {
      "mode": "managed",
      "type": "random_password",
      "name": "uploader_secret",
      "provider": "provider[\"registry.terraform.io/hashicorp/random\"]",
      "instances": [
        {
          "schema_version": 3,
          "attributes": {
            "bcrypt_hash": "$2a$10$R/dmZ3SevzhCZZSh1/JnceuxVOIIPawB/cLzG0dw4vAg/3Q.o83aS",
            "id": "none",
            "keepers": null,
            "length": 30,
            "lower": true,
            "min_lower": 0,
            "min_numeric": 0,
            "min_special": 0,
            "min_upper": 0,
            "number": true,
            "numeric": true,
            "override_special": null,
            "result": "zFN0iOcS5zIDoV2PDkxTTgIRzaxtO7",
            "special": false,
            "upper": true
          },
          "sensitive_attributes": [
            [
              {
                "type": "get_attr",
                "value": "result"
              }
            ],
            [
              {
                "type": "get_attr",
                "value": "bcrypt_hash"
              }
            ]
          ]
        }
      ]
    },
    {
      "mode": "managed",
      "type": "random_password",
      "name": "viewer_secret",
      "provider": "provider[\"registry.terraform.io/hashicorp/random\"]",
      "instances": [
        {
          "schema_version": 3,
          "attributes": {
            "bcrypt_hash": "$2a$10$2NShvEOTFif5aqkOyXn1CeOMF3V98jXGtPulK3g3/HOBjo8HR1JCm",
            "id": "none",
            "keepers": null,
            "length": 30,
            "lower": true,
            "min_lower": 0,
            "min_numeric": 0,
            "min_special": 0,
            "min_upper": 0,
            "number": true,
            "numeric": true,
            "override_special": null,
            "result": "31XLU0WM7RYrWaYjcsNAOQW2fbXngd",
            "special": false,
            "upper": true
          },
          "sensitive_attributes": [
            [
              {
                "type": "get_attr",
                "value": "result"
              }
            ],
            [
              {
                "type": "get_attr",
                "value": "bcrypt_hash"
              }
            ]
          ]
        }
      ]
    },
    {
      "mode": "managed",
      "type": "time_sleep",
      "name": "wait_minio_ready",
      "provider": "provider[\"registry.terraform.io/hashicorp/time\"]",
      "instances": [
        {
          "schema_version": 0,
          "attributes": {
            "create_duration": "30s",
            "destroy_duration": null,
            "id": "2025-05-13T11:32:18Z",
            "triggers": null
          },
          "sensitive_attributes": [],
          "dependencies": [
            "docker_container.minio",
            "docker_image.minio"
          ]
        }
      ]
    }
  ],
  "check_results": [
    {
      "object_kind": "var",
      "config_addr": "var.minio_root_password",
      "status": "pass",
      "objects": [
        {
          "object_addr": "var.minio_root_password",
          "status": "pass"
        }
      ]
    }
  ]
}
